Microsoft Visual Studio Solution File, Format Version 12.00
# Visual Studio Version 17
VisualStudioVersion = 17.5.2.0
MinimumVisualStudioVersion = 10.0.40219.1
Project("{FAE04EC0-301F-11D3-BF4B-00C04F79EFBC}") = "Jham", "Jham.csproj", "{779C638D-6879-5C44-8004-6C08626C8D6F}"
EndProject
Global
	GlobalSection(SolutionConfigurationPlatforms) = preSolution
		Debug|Any CPU = Debug|Any CPU
		Release|Any CPU = Release|Any CPU
	EndGlobalSection
	GlobalSection(ProjectConfigurationPlatforms) = postSolution
		{779C638D-6879-5C44-8004-6C08626C8D6F}.Debug|Any CPU.ActiveCfg = Debug|Any CPU
		{779C638D-6879-5C44-8004-6C08626C8D6F}.Debug|Any CPU.Build.0 = Debug|Any CPU
		{779C638D-6879-5C44-8004-6C08626C8D6F}.Release|Any CPU.ActiveCfg = Release|Any CPU
		{779C638D-6879-5C44-8004-6C08626C8D6F}.Release|Any CPU.Build.0 = Release|Any CPU
	EndGlobalSection
	GlobalSection(SolutionProperties) = preSolution
		HideSolutionNode = FALSE
	EndGlobalSection
	GlobalSection(ExtensibilityGlobals) = postSolution
		SolutionGuid = {6AC3F46B-BE1F-4BA4-B688-3F5DC236D967}
	EndGlobalSection
EndGlobal
